<?xml version="1.0" encoding="UTF-8"?>
<Scheme
   version = "1.3">
   <BuildAction>
      <BuildActionEntries>
         <BuildActionEntry
            buildForRunning = "YES">
            <BuildableReference
               BuildableIdentifier = "primary"
               BlueprintIdentifier = "CA6EC5B934E411EBF795EBD0"
               BuildableName = "CheckSplitter.app"
               BlueprintName = "CheckSplitter"
               ReferencedContainer = "container:CheckSplitter.xcodeproj">
            </BuildableReference>
         </BuildActionEntry>
      </BuildActionEntries>
   </BuildAction>
   <LaunchAction
      useCustomWorkingDirectory = "NO"
      buildConfiguration = "Debug"
      allowLocationSimulation = "YES">
      <BuildableProductRunnable>
         <BuildableReference
            BuildableIdentifier = "primary"
            BlueprintIdentifier = "CA6EC5B934E411EBF795EBD0"
            BuildableName = "CheckSplitter.app"
            BlueprintName = "CheckSplitter"
            ReferencedContainer = "container:CheckSplitter.xcodeproj">
         </BuildableReference>
      </BuildableProductRunnable>
   </LaunchAction>
</Scheme>
