// !$*UTF8*$!
{
	archiveVersion = 1;
	classes = {
	};
	objectVersion = 46;
	objects = {

/* Begin PBXBuildFile section */
		CA6EC539DD6B1A9B712F431F /* Preview Assets.xcassets in Resources */ = {isa = PBXBuildFile; fileRef = CA6ECC23A75573F4A8769530 /* Preview Assets.xcassets */; };
		CA6EC5584CA90D8B41961284 /* AppDelegate.swift in Sources */ = {isa = PBXBuildFile; fileRef = CA6ECC3500681C9074DC2CDF /* AppDelegate.swift */; };
		CA6EC5A40F5D86D26F8D4FB7 /* ContentView.swift in Sources */ = {isa = PBXBuildFile; fileRef = CA6EC33C24AB325A33DB5B66 /* ContentView.swift */; };
		CA6EC5CF973A4B3F428BEDC3 /* SceneDelegate.swift in Sources */ = {isa = PBXBuildFile; fileRef = CA6EC9443307ADE5736F43C4 /* SceneDelegate.swift */; };
		CA6ECCEC222F6C185E6B313B /* LaunchScreen.storyboard in Resources */ = {isa = PBXBuildFile; fileRef = CA6EC8F2D2FA1BC1B2FB054C /* LaunchScreen.storyboard */; };
		CA6ECFEAF02B44FF2C7369F2 /* Assets.xcassets in Resources */ = {isa = PBXBuildFile; fileRef = CA6ECD7872C95D0779E8AE41 /* Assets.xcassets */; };
/* End PBXBuildFile section */

/* Begin PBXFileReference section */
		CA6EC33C24AB325A33DB5B66 /* ContentView.swift */ = {isa = PBXFileReference; lastKnownFileType = sourcecode.swift; path = ContentView.swift; sourceTree = "<group>"; };
		CA6EC609840828D68A86E186 /* Base */ = {isa = PBXFileReference; lastKnownFileType = file.storyboard; name = Base; path = Base.lproj/LaunchScreen.storyboard; sourceTree = "<group>"; };
		CA6EC943450B9D82D2EDE314 /* Info.plist */ = {isa = PBXFileReference; lastKnownFileType = text.plist.info; path = Info.plist; sourceTree = "<group>"; };
		CA6EC9443307ADE5736F43C4 /* SceneDelegate.swift */ = {isa = PBXFileReference; lastKnownFileType = sourcecode.swift; path = SceneDelegate.swift; sourceTree = "<group>"; };
		CA6ECC23A75573F4A8769530 /* Preview Assets.xcassets */ = {isa = PBXFileReference; lastKnownFileType = folder.assetcatalog; path = "Preview Assets.xcassets"; sourceTree = "<group>"; };
		CA6ECC3500681C9074DC2CDF /* AppDelegate.swift */ = {isa = PBXFileReference; lastKnownFileType = sourcecode.swift; path = AppDelegate.swift; sourceTree = "<group>"; };
		CA6ECC6A89E2E6953F965B6E /* CheckSplitter.app */ = {isa = PBXFileReference; explicitFileType = wrapper.application; includeInIndex = 0; path = CheckSplitter.app; sourceTree = BUILT_PRODUCTS_DIR; };
		CA6ECD7872C95D0779E8AE41 /* Assets.xcassets */ = {isa = PBXFileReference; lastKnownFileType = folder.assetcatalog; path = Assets.xcassets; sourceTree = "<group>"; };
/* End PBXFileReference section */

/* Begin PBXFrameworksBuildPhase section */
		CA6EC04699FADD6726F9BA6D /* Frameworks */ = {
			isa = PBXFrameworksBuildPhase;
			buildActionMask = 2147483647;
			files = (
			);
			runOnlyForDeploymentPostprocessing = 0;
		};
/* End PBXFrameworksBuildPhase section */

/* Begin PBXGroup section */
		CA6EC1BE6E7ECE98A35F2A4F = {
			isa = PBXGroup;
			children = (
				CA6EC6BD46F632D015B95647 /* Products */,
				CA6ECA05709693298F094598 /* CheckSplitter */,
			);
			sourceTree = "<group>";
		};
		CA6EC6BD46F632D015B95647 /* Products */ = {
			isa = PBXGroup;
			children = (
				CA6ECC6A89E2E6953F965B6E /* CheckSplitter.app */,
			);
			name = Products;
			sourceTree = "<group>";
		};
		CA6EC9BA58A32615C0D9101C /* Preview Content */ = {
			isa = PBXGroup;
			children = (
				CA6ECC23A75573F4A8769530 /* Preview Assets.xcassets */,
			);
			path = "Preview Content";
			sourceTree = "<group>";
		};
		CA6ECA05709693298F094598 /* CheckSplitter */ = {
			isa = PBXGroup;
			children = (
				CA6EC943450B9D82D2EDE314 /* Info.plist */,
				CA6ECD7872C95D0779E8AE41 /* Assets.xcassets */,
				CA6EC8F2D2FA1BC1B2FB054C /* LaunchScreen.storyboard */,
				CA6ECC3500681C9074DC2CDF /* AppDelegate.swift */,
				CA6EC9443307ADE5736F43C4 /* SceneDelegate.swift */,
				CA6EC33C24AB325A33DB5B66 /* ContentView.swift */,
				CA6EC9BA58A32615C0D9101C /* Preview Content */,
			);
			path = CheckSplitter;
			sourceTree = "<group>";
		};
/* End PBXGroup section */

/* Begin PBXNativeTarget section */
		CA6EC5B934E411EBF795EBD0 /* CheckSplitter */ = {
			isa = PBXNativeTarget;
			buildConfigurationList = CA6EC5105370DB27F2B9A73A /* Build configuration list for PBXNativeTarget "CheckSplitter" */;
			buildPhases = (
				CA6EC027EB7B14CEE5591120 /* Sources */,
				CA6EC04699FADD6726F9BA6D /* Frameworks */,
				CA6EC90AA9C40D2F4EBCCAF4 /* Resources */,
			);
			buildRules = (
			);
			dependencies = (
			);
			name = CheckSplitter;
			productName = CheckSplitter;
			productReference = CA6ECC6A89E2E6953F965B6E /* CheckSplitter.app */;
			productType = "com.apple.product-type.application";
		};
/* End PBXNativeTarget section */

/* Begin PBXProject section */
		CA6EC3EF6A2A4F91389BF8A1 /* Project object */ = {
			isa = PBXProject;
			attributes = {
				ORGANIZATIONNAME = IoSmit;
			};
			buildConfigurationList = CA6ECED27D3A332A1FE453AE /* Build configuration list for PBXProject "CheckSplitter" */;
			compatibilityVersion = "Xcode 3.2";
			developmentRegion = English;
			hasScannedForEncodings = 0;
			knownRegions = (
				en,
			);
			mainGroup = CA6EC1BE6E7ECE98A35F2A4F;
			productRefGroup = CA6EC6BD46F632D015B95647 /* Products */;
			projectDirPath = "";
			projectRoot = "";
			targets = (
				CA6EC5B934E411EBF795EBD0 /* CheckSplitter */,
			);
		};
/* End PBXProject section */

/* Begin PBXResourcesBuildPhase section */
		CA6EC90AA9C40D2F4EBCCAF4 /* Resources */ = {
			isa = PBXResourcesBuildPhase;
			buildActionMask = 2147483647;
			files = (
				CA6ECFEAF02B44FF2C7369F2 /* Assets.xcassets in Resources */,
				CA6ECCEC222F6C185E6B313B /* LaunchScreen.storyboard in Resources */,
				CA6EC539DD6B1A9B712F431F /* Preview Assets.xcassets in Resources */,
			);
			runOnlyForDeploymentPostprocessing = 0;
		};
/* End PBXResourcesBuildPhase section */

/* Begin PBXSourcesBuildPhase section */
		CA6EC027EB7B14CEE5591120 /* Sources */ = {
			isa = PBXSourcesBuildPhase;
			buildActionMask = 2147483647;
			files = (
				CA6EC5584CA90D8B41961284 /* AppDelegate.swift in Sources */,
				CA6EC5CF973A4B3F428BEDC3 /* SceneDelegate.swift in Sources */,
				CA6EC5A40F5D86D26F8D4FB7 /* ContentView.swift in Sources */,
			);
			runOnlyForDeploymentPostprocessing = 0;
		};
/* End PBXSourcesBuildPhase section */

/* Begin PBXVariantGroup section */
		CA6EC8F2D2FA1BC1B2FB054C /* LaunchScreen.storyboard */ = {
			isa = PBXVariantGroup;
			children = (
				CA6EC609840828D68A86E186 /* Base */,
			);
			name = LaunchScreen.storyboard;
			sourceTree = "<group>";
		};
/* End PBXVariantGroup section */

/* Begin XCBuildConfiguration section */
		CA6EC27EE8F130869D11018A /* Release */ = {
			isa = XCBuildConfiguration;
			buildSettings = {
				ASSETCATALOG_COMPILER_APPICON_NAME = AppIcon;
				DEVELOPMENT_ASSET_PATHS = "\"CheckSplitter/Preview Content\"";
				ENABLE_PREVIEWS = YES;
				INFOPLIST_FILE = CheckSplitter/Info.plist;
				LD_RUNPATH_SEARCH_PATHS = "$(inherited) @executable_path/Frameworks";
				PRODUCT_BUNDLE_IDENTIFIER = io.smital.CheckSplitter;
				PRODUCT_NAME = "$(TARGET_NAME)";
				SWIFT_VERSION = 5.0;
				TARGETED_DEVICE_FAMILY = "1,2";
			};
			name = Release;
		};
		CA6EC3C01378BB8816281F8F /* Debug */ = {
			isa = XCBuildConfiguration;
			buildSettings = {
				ALWAYS_SEARCH_USER_PATHS = NO;
				CLANG_ANALYZER_NONNULL = YES;
				CLANG_ANALYZER_NUMBER_OBJECT_CONVERSION = YES_AGGRESSIVE;
				CLANG_CXX_LANGUAGE_STANDARD = "gnu++14";
				CLANG_CXX_LIBRARY = "libc++";
				CLANG_ENABLE_MODULES = YES;
				CLANG_ENABLE_OBJC_ARC = YES;
				CLANG_ENABLE_OBJC_WEAK = YES;
				CLANG_WARN_BLOCK_CAPTURE_AUTORELEASING = YES;
				CLANG_WARN_BOOL_CONVERSION = YES;
				CLANG_WARN_COMMA = YES;
				CLANG_WARN_CONSTANT_CONVERSION = YES;
				CLANG_WARN_DEPRECATED_OBJC_IMPLEMENTATIONS = YES;
				CLANG_WARN_DIRECT_OBJC_ISA_USAGE = YES_ERROR;
				CLANG_WARN_DOCUMENTATION_COMMENTS = YES;
				CLANG_WARN_EMPTY_BODY = YES;
				CLANG_WARN_ENUM_CONVERSION = YES;
				CLANG_WARN_INFINITE_RECURSION = YES;
				CLANG_WARN_INT_CONVERSION = YES;
				CLANG_WARN_NON_LITERAL_NULL_CONVERSION = YES;
				CLANG_WARN_OBJC_IMPLICIT_RETAIN_SELF = YES;
				CLANG_WARN_OBJC_LITERAL_CONVERSION = YES;
				CLANG_WARN_OBJC_ROOT_CLASS = YES_ERROR;
				CLANG_WARN_RANGE_LOOP_ANALYSIS = YES;
				CLANG_WARN_STRICT_PROTOTYPES = YES;
				CLANG_WARN_SUSPICIOUS_MOVE = YES;
				CLANG_WARN_UNGUARDED_AVAILABILITY = YES_AGGRESSIVE;
				CLANG_WARN_UNREACHABLE_CODE = YES;
				CLANG_WARN__DUPLICATE_METHOD_MATCH = YES;
				COPY_PHASE_STRIP = NO;
				DEBUG_INFORMATION_FORMAT = dwarf;
				ENABLE_STRICT_OBJC_MSGSEND = YES;
				ENABLE_TESTABILITY = YES;
				GCC_C_LANGUAGE_STANDARD = gnu11;
				GCC_DYNAMIC_NO_PIC = NO;
				GCC_NO_COMMON_BLOCKS = YES;
				GCC_OPTIMIZATION_LEVEL = 0;
				GCC_PREPROCESSOR_DEFINITIONS = (
					"DEBUG=1",
					"$(inherited)",
				);
				GCC_WARN_64_TO_32_BIT_CONVERSION = YES;
				GCC_WARN_ABOUT_RETURN_TYPE = YES_ERROR;
				GCC_WARN_UNDECLARED_SELECTOR = YES;
				GCC_WARN_UNINITIALIZED_AUTOS = YES_AGGRESSIVE;
				GCC_WARN_UNUSED_FUNCTION = YES;
				GCC_WARN_UNUSED_VARIABLE = YES;
				IPHONEOS_DEPLOYMENT_TARGET = 13.4;
				MTL_ENABLE_DEBUG_INFO = INCLUDE_SOURCE;
				MTL_FAST_MATH = YES;
				ONLY_ACTIVE_ARCH = YES;
				SDKROOT = iphoneos;
				SWIFT_ACTIVE_COMPILATION_CONDITIONS = DEBUG;
				SWIFT_OPTIMIZATION_LEVEL = "-Onone";
			};
			name = Debug;
		};
		CA6EC8F125C9F690C711CB38 /* Debug */ = {
			isa = XCBuildConfiguration;
			buildSettings = {
				ASSETCATALOG_COMPILER_APPICON_NAME = AppIcon;
				DEVELOPMENT_ASSET_PATHS = "\"CheckSplitter/Preview Content\"";
				ENABLE_PREVIEWS = YES;
				INFOPLIST_FILE = CheckSplitter/Info.plist;
				LD_RUNPATH_SEARCH_PATHS = "$(inherited) @executable_path/Frameworks";
				PRODUCT_BUNDLE_IDENTIFIER = io.smital.CheckSplitter;
				PRODUCT_NAME = "$(TARGET_NAME)";
				SWIFT_VERSION = 5.0;
				TARGETED_DEVICE_FAMILY = "1,2";
			};
			name = Debug;
		};
		CA6ECC2E03BA23BAEFCA8EF9 /* Release */ = {
			isa = XCBuildConfiguration;
			buildSettings = {
				ALWAYS_SEARCH_USER_PATHS = NO;
				CLANG_ANALYZER_NONNULL = YES;
				CLANG_ANALYZER_NUMBER_OBJECT_CONVERSION = YES_AGGRESSIVE;
				CLANG_CXX_LANGUAGE_STANDARD = "gnu++14";
				CLANG_CXX_LIBRARY = "libc++";
				CLANG_ENABLE_MODULES = YES;
				CLANG_ENABLE_OBJC_ARC = YES;
				CLANG_ENABLE_OBJC_WEAK = YES;
				CLANG_WARN_BLOCK_CAPTURE_AUTORELEASING = YES;
				CLANG_WARN_BOOL_CONVERSION = YES;
				CLANG_WARN_COMMA = YES;
				CLANG_WARN_CONSTANT_CONVERSION = YES;
				CLANG_WARN_DEPRECATED_OBJC_IMPLEMENTATIONS = YES;
				CLANG_WARN_DIRECT_OBJC_ISA_USAGE = YES_ERROR;
				CLANG_WARN_DOCUMENTATION_COMMENTS = YES;
				CLANG_WARN_EMPTY_BODY = YES;
				CLANG_WARN_ENUM_CONVERSION = YES;
				CLANG_WARN_INFINITE_RECURSION = YES;
				CLANG_WARN_INT_CONVERSION = YES;
				CLANG_WARN_NON_LITERAL_NULL_CONVERSION = YES;
				CLANG_WARN_OBJC_IMPLICIT_RETAIN_SELF = YES;
				CLANG_WARN_OBJC_LITERAL_CONVERSION = YES;
				CLANG_WARN_OBJC_ROOT_CLASS = YES_ERROR;
				CLANG_WARN_RANGE_LOOP_ANALYSIS = YES;
				CLANG_WARN_STRICT_PROTOTYPES = YES;
				CLANG_WARN_SUSPICIOUS_MOVE = YES;
				CLANG_WARN_UNGUARDED_AVAILABILITY = YES_AGGRESSIVE;
				CLANG_WARN_UNREACHABLE_CODE = YES;
				CLANG_WARN__DUPLICATE_METHOD_MATCH = YES;
				COPY_PHASE_STRIP = NO;
				DEBUG_INFORMATION_FORMAT = "dwarf-with-dsym";
				ENABLE_NS_ASSERTIONS = NO;
				ENABLE_STRICT_OBJC_MSGSEND = YES;
				GCC_C_LANGUAGE_STANDARD = gnu11;
				GCC_NO_COMMON_BLOCKS = YES;
				GCC_WARN_64_TO_32_BIT_CONVERSION = YES;
				GCC_WARN_ABOUT_RETURN_TYPE = YES_ERROR;
				GCC_WARN_UNDECLARED_SELECTOR = YES;
				GCC_WARN_UNINITIALIZED_AUTOS = YES_AGGRESSIVE;
				GCC_WARN_UNUSED_FUNCTION = YES;
				GCC_WARN_UNUSED_VARIABLE = YES;
				IPHONEOS_DEPLOYMENT_TARGET = 13.4;
				MTL_ENABLE_DEBUG_INFO = NO;
				MTL_FAST_MATH = YES;
				SDKROOT = iphoneos;
				SWIFT_COMPILATION_MODE = wholemodule;
				SWIFT_OPTIMIZATION_LEVEL = "-O";
				VALIDATE_PRODUCT = YES;
			};
			name = Release;
		};
/* End XCBuildConfiguration section */

/* Begin XCConfigurationList section */
		CA6EC5105370DB27F2B9A73A /* Build configuration list for PBXNativeTarget "CheckSplitter" */ = {
			isa = XCConfigurationList;
			buildConfigurations = (
				CA6EC8F125C9F690C711CB38 /* Debug */,
				CA6EC27EE8F130869D11018A /* Release */,
			);
			defaultConfigurationIsVisible = 0;
		};
		CA6ECED27D3A332A1FE453AE /* Build configuration list for PBXProject "CheckSplitter" */ = {
			isa = XCConfigurationList;
			buildConfigurations = (
				CA6EC3C01378BB8816281F8F /* Debug */,
				CA6ECC2E03BA23BAEFCA8EF9 /* Release */,
			);
			defaultConfigurationIsVisible = 0;
			defaultConfigurationName = Release;
		};
/* End XCConfigurationList section */
	};
	rootObject = CA6EC3EF6A2A4F91389BF8A1 /* Project object */;
}
